# This file is automatically @generated by Cargo.
# It is not intended for manual editing.
[[package]]
name = "aeron-rs"
version = "0.1.0"
dependencies = [
 "cache_line_size 1.0.0 (registry+https://github.com/rust-lang/crates.io-index)",
]

[[package]]
name = "cache_line_size"
version = "1.0.0"
source = "registry+https://github.com/rust-lang/crates.io-index"

[metadata]
"checksum cache_line_size 1.0.0 (registry+https://github.com/rust-lang/crates.io-index)" = "87ccbba4460cca3070e466e87ed2b1a50206d6a09dd2e2249da23c434a3e6535"
